{
  "version": 4,
  "terraform_version": "1.5.4",
  "serial": 9,
  "lineage": "01e970d9-dae2-0624-c6a9-a8b214d1e387",
  "outputs": {},
  "resources": [
    {
      "mode": "managed",
      "type": "azurerm_linux_web_app",
      "name": "example",
      "provider": "provider[\"registry.terraform.io/hashicorp/azurerm\"]",
      "instances": [
        {
          "schema_version": 0,
          "attributes": {
            "app_settings": null,
            "auth_settings": [
              {
                "active_directory": [],
                "additional_login_parameters": {},
                "allowed_external_redirect_urls": [],
                "default_provider": "",
                "enabled": false,
                "facebook": [],
                "github": [],
                "google": [],
                "issuer": "",
                "microsoft": [],
                "runtime_version": "",
                "token_refresh_extension_hours": 0,
                "token_store_enabled": false,
                "twitter": [],
                "unauthenticated_client_action": ""
              }
            ],
            "backup": [],
            "client_affinity_enabled": false,
            "client_certificate_enabled": false,
            "client_certificate_mode": "Required",
            "connection_string": [],
            "custom_domain_verification_id": "1FE09FCFD98E1A687601B0B53705B682CD956D13E39B4400C384E58BD530F3A3",
            "default_hostname": "examplepy.azurewebsites.net",
            "enabled": true,
            "https_only": false,
            "id": "/subscriptions/b8efa4b5-8a7c-48ae-b0f2-f8beec82129c/resourceGroups/myTFResourceGroup/providers/Microsoft.Web/sites/examplepy",
            "identity": [],
            "key_vault_reference_identity_id": "SystemAssigned",
            "kind": "app,linux",
            "location": "westeurope",
            "logs": [],
            "name": "examplepy",
            "outbound_ip_address_list": [
              "20.238.224.154",
              "20.238.225.101",
              "20.238.225.130",
              "20.238.226.26",
              "20.238.226.173",
              "20.238.227.21",
              "20.105.232.38"
            ],
            "outbound_ip_addresses": "20.238.224.154,20.238.225.101,20.238.225.130,20.238.226.26,20.238.226.173,20.238.227.21,20.105.232.38",
            "possible_outbound_ip_address_list": [
              "20.238.228.211",
              "20.238.228.212",
              "20.238.229.29",
              "20.238.229.32",
              "20.238.229.92",
              "20.238.229.99",
              "20.31.156.230",
              "20.31.157.168",
              "20.31.158.245",
              "20.31.159.200",
              "20.238.224.99",
              "20.238.224.136",
              "20.238.224.154",
              "20.238.225.101",
              "20.238.225.130",
              "20.238.226.26",
              "20.238.226.173",
              "20.238.227.21",
              "20.238.228.34",
              "20.238.228.51",
              "20.238.228.136",
              "20.238.228.147",
              "20.238.228.184",
              "20.238.228.189",
              "20.238.228.211",
              "20.238.228.212",
              "20.238.229.29",
              "20.238.229.32",
              "20.238.229.92",
              "20.238.229.99",
              "20.238.230.36",
              "20.238.231.51",
              "20.238.231.58",
              "20.238.231.190",
              "20.8.152.130",
              "20.8.152.233",
              "20.105.232.38"
            ],
            "possible_outbound_ip_addresses": "20.238.228.211,20.238.228.212,20.238.229.29,20.238.229.32,20.238.229.92,20.238.229.99,20.31.156.230,20.31.157.168,20.31.158.245,20.31.159.200,20.238.224.99,20.238.224.136,20.238.224.154,20.238.225.101,20.238.225.130,20.238.226.26,20.238.226.173,20.238.227.21,20.238.228.34,20.238.228.51,20.238.228.136,20.238.228.147,20.238.228.184,20.238.228.189,20.238.228.211,20.238.228.212,20.238.229.29,20.238.229.32,20.238.229.92,20.238.229.99,20.238.230.36,20.238.231.51,20.238.231.58,20.238.231.190,20.8.152.130,20.8.152.233,20.105.232.38",
            "resource_group_name": "myTFResourceGroup",
            "service_plan_id": "/subscriptions/b8efa4b5-8a7c-48ae-b0f2-f8beec82129c/resourceGroups/myTFResourceGroup/providers/Microsoft.Web/serverfarms/TFResource",
            "site_config": [
              {
                "always_on": true,
                "api_definition_url": "",
                "api_management_api_id": "",
                "app_command_line": "",
                "application_stack": [
                  {
                    "docker_image": "",
                    "docker_image_tag": "",
                    "dotnet_version": "",
                    "java_server": "",
                    "java_server_version": "",
                    "java_version": "",
                    "node_version": "",
                    "php_version": "",
                    "python_version": "",
                    "ruby_version": ""
                  }
                ],
                "auto_heal_enabled": false,
                "auto_heal_setting": [],
                "container_registry_managed_identity_client_id": "",
                "container_registry_use_managed_identity": false,
                "cors": [],
                "default_documents": [
                  "Default.htm",
                  "Default.html",
                  "Default.asp",
                  "index.htm",
                  "index.html",
                  "iisstart.htm",
                  "default.aspx",
                  "index.php",
                  "hostingstart.html"
                ],
                "detailed_error_logging_enabled": false,
                "ftps_state": "Disabled",
                "health_check_eviction_time_in_min": 0,
                "health_check_path": "",
                "http2_enabled": false,
                "ip_restriction": [],
                "linux_fx_version": "",
                "load_balancing_mode": "LeastRequests",
                "local_mysql_enabled": false,
                "managed_pipeline_mode": "Integrated",
                "minimum_tls_version": "1.2",
                "remote_debugging_enabled": false,
                "remote_debugging_version": "VS2019",
                "scm_ip_restriction": [],
                "scm_minimum_tls_version": "1.2",
                "scm_type": "None",
                "scm_use_main_ip_restriction": false,
                "use_32_bit_worker": true,
                "vnet_route_all_enabled": false,
                "websockets_enabled": false,
                "worker_count": 1
              }
            ],
            "site_credential": [
              {
                "name": "$examplepy",
                "password": "T9Yzp9u2ihSo8AnxDK26fP2AnlYr1Q4jpoZyLGvQoxrrsog9lM2JJp5XRek7"
              }
            ],
            "storage_account": [],
            "tags": {
              "created_By": "None",
              "created_Date": "12-08-2023"
            },
            "timeouts": null
          },
          "sensitive_attributes": [],
          "private": "eyJlMmJmYjczMC1lY2FhLTExZTYtOGY4OC0zNDM2M2JjN2M0YzAiOnsiY3JlYXRlIjoxODAwMDAwMDAwMDAwLCJkZWxldGUiOjE4MDAwMDAwMDAwMDAsInJlYWQiOjMwMDAwMDAwMDAwMCwidXBkYXRlIjoxODAwMDAwMDAwMDAwfX0=",
          "dependencies": [
            "azurerm_resource_group.main",
            "azurerm_service_plan.example"
          ]
        }
      ]
    },
    {
      "mode": "managed",
      "type": "azurerm_resource_group",
      "name": "main",
      "provider": "provider[\"registry.terraform.io/hashicorp/azurerm\"]",
      "instances": [
        {
          "schema_version": 0,
          "attributes": {
            "id": "/subscriptions/b8efa4b5-8a7c-48ae-b0f2-f8beec82129c/resourceGroups/myTFResourceGroup",
            "location": "westeurope",
            "name": "myTFResourceGroup",
            "tags": {
              "created_By": "None",
              "created_Date": "12-08-2023"
            },
            "timeouts": null
          },
          "sensitive_attributes": [],
          "private": "eyJlMmJmYjczMC1lY2FhLTExZTYtOGY4OC0zNDM2M2JjN2M0YzAiOnsiY3JlYXRlIjo1NDAwMDAwMDAwMDAwLCJkZWxldGUiOjU0MDAwMDAwMDAwMDAsInJlYWQiOjMwMDAwMDAwMDAwMCwidXBkYXRlIjo1NDAwMDAwMDAwMDAwfX0="
        }
      ]
    },
    {
      "mode": "managed",
      "type": "azurerm_service_plan",
      "name": "example",
      "provider": "provider[\"registry.terraform.io/hashicorp/azurerm\"]",
      "instances": [
        {
          "schema_version": 0,
          "attributes": {
            "app_service_environment_id": "",
            "id": "/subscriptions/b8efa4b5-8a7c-48ae-b0f2-f8beec82129c/resourceGroups/myTFResourceGroup/providers/Microsoft.Web/serverfarms/TFResource",
            "kind": "linux",
            "location": "westeurope",
            "maximum_elastic_worker_count": 1,
            "name": "TFResource",
            "os_type": "Linux",
            "per_site_scaling_enabled": false,
            "reserved": true,
            "resource_group_name": "myTFResourceGroup",
            "sku_name": "P1v2",
            "tags": {
              "created_By": "None",
              "created_Date": "12-08-2023"
            },
            "timeouts": null,
            "worker_count": 1
          },
          "sensitive_attributes": [],
          "private": "eyJlMmJmYjczMC1lY2FhLTExZTYtOGY4OC0zNDM2M2JjN2M0YzAiOnsiY3JlYXRlIjozNjAwMDAwMDAwMDAwLCJkZWxldGUiOjM2MDAwMDAwMDAwMDAsInJlYWQiOjMwMDAwMDAwMDAwMCwidXBkYXRlIjozNjAwMDAwMDAwMDAwfX0=",
          "dependencies": [
            "azurerm_resource_group.main"
          ]
        }
      ]
    }
  ],
  "check_results": null
}
